
Microsoft Visual Studio Solution File, Format Version 12.00
# Visual Studio Version 17
VisualStudioVersion = 17.11.35327.3
MinimumVisualStudioVersion = 10.0.40219.1
Project("{FAE04EC0-301F-11D3-BF4B-00C04F79EFBC}") = "QueueSystem", "QueueSystem\QueueSystem.csproj", "{4C046EC6-922C-40D9-8FAB-F44C386D258F}"
EndProject
Global
	GlobalSection(SolutionConfigurationPlatforms) = preSolution
		Debug|Any CPU = Debug|Any CPU
		Release|Any CPU = Release|Any CPU
	EndGlobalSection
	GlobalSection(ProjectConfigurationPlatforms) = postSolution
		{4C046EC6-922C-40D9-8FAB-F44C386D258F}.Debug|Any CPU.ActiveCfg = Debug|Any CPU
		{4C046EC6-922C-40D9-8FAB-F44C386D258F}.Debug|Any CPU.Build.0 = Debug|Any CPU
		{4C046EC6-922C-40D9-8FAB-F44C386D258F}.Release|Any CPU.ActiveCfg = Release|Any CPU
		{4C046EC6-922C-40D9-8FAB-F44C386D258F}.Release|Any CPU.Build.0 = Release|Any CPU
	EndGlobalSection
	GlobalSection(SolutionProperties) = preSolution
		HideSolutionNode = FALSE
	EndGlobalSection
	GlobalSection(ExtensibilityGlobals) = postSolution
		SolutionGuid = {D63E741C-E9AE-4086-8CB4-C5ED668753CF}
	EndGlobalSection
EndGlobal
